PODS:
  - FBSnapshotTestCase (2.1.4):
    - FBSnapshotTestCase/SwiftSupport (= 2.1.4)
  - FBSnapshotTestCase/Core (2.1.4)
  - FBSnapshotTestCase/SwiftSupport (2.1.4):
    - FBSnapshotTestCase/Core
  - ZWLogin (0.1.0):
    - ZWNetworking
  - ZWNetworking (0.1.0)

DEPENDENCIES:
  - FBSnapshotTestCase
  - ZWLogin (from `../`)
  - ZWNetworking (from `../../ZWNetworking`)

SPEC REPOS:
  trunk:
    - FBSnapshotTestCase

EXTERNAL SOURCES:
  ZWLogin:
    :path: "../"
  ZWNetworking:
    :path: "../../ZWNetworking"

SPEC CHECKSUMS:
  FBSnapshotTestCase: 094f9f314decbabe373b87cc339bea235a63e07a
  ZWLogin: a6cae5b0a14e366455e58a851aef088aa1fbd963
  ZWNetworking: 561e68aeb2ffc372f116ca3e80c76346c993a160

PODFILE CHECKSUM: 90e1b4b26d29887ecd376788e216dcefc1406473

COCOAPODS: 1.9.1
